
Microsoft Visual Studio Solution File, Format Version 12.00
# Visual Studio Version 17
VisualStudioVersion = 17.1.32319.34
MinimumVisualStudioVersion = 10.0.40219.1
Project("{8BC9CEB8-8B4A-11D0-8D11-00A0C91BC942}") = "205. Isomorphic Strings", "205. Isomorphic Strings.vcxproj", "{F4902B81-FB0E-43AE-804B-81CA5C0E1FD2}"
EndProject
Global
	GlobalSection(SolutionConfigurationPlatforms) = preSolution
		Debug|x64 = Debug|x64
		Debug|x86 = Debug|x86
		Release|x64 = Release|x64
		Release|x86 = Release|x86
	EndGlobalSection
	GlobalSection(ProjectConfigurationPlatforms) = postSolution
		{F4902B81-FB0E-43AE-804B-81CA5C0E1FD2}.Debug|x64.ActiveCfg = Debug|x64
		{F4902B81-FB0E-43AE-804B-81CA5C0E1FD2}.Debug|x64.Build.0 = Debug|x64
		{F4902B81-FB0E-43AE-804B-81CA5C0E1FD2}.Debug|x86.ActiveCfg = Debug|Win32
		{F4902B81-FB0E-43AE-804B-81CA5C0E1FD2}.Debug|x86.Build.0 = Debug|Win32
		{F4902B81-FB0E-43AE-804B-81CA5C0E1FD2}.Release|x64.ActiveCfg = Release|x64
		{F4902B81-FB0E-43AE-804B-81CA5C0E1FD2}.Release|x64.Build.0 = Release|x64
		{F4902B81-FB0E-43AE-804B-81CA5C0E1FD2}.Release|x86.ActiveCfg = Release|Win32
		{F4902B81-FB0E-43AE-804B-81CA5C0E1FD2}.Release|x86.Build.0 = Release|Win32
	EndGlobalSection
	GlobalSection(SolutionProperties) = preSolution
		HideSolutionNode = FALSE
	EndGlobalSection
	GlobalSection(ExtensibilityGlobals) = postSolution
		SolutionGuid = {5E5C1DB7-B1D4-4F42-AF2C-BAF655F1F429}
	EndGlobalSection
EndGlobal
